
Microsoft Visual Studio Solution File, Format Version 12.00
# Visual Studio Version 17
VisualStudioVersion = 17.14.36121.58 d17.14
MinimumVisualStudioVersion = 10.0.40219.1
Project("{FAE04EC0-301F-11D3-BF4B-00C04F79EFBC}") = "Uppari_SCMS", "Uppari_SCMS\Uppari_SCMS.csproj", "{31393A0B-EB8C-4226-B4AF-16AC4C7F9E6B}"
EndProject
Global
	GlobalSection(SolutionConfigurationPlatforms) = preSolution
		Debug|Any CPU = Debug|Any CPU
		Release|Any CPU = Release|Any CPU
	EndGlobalSection
	GlobalSection(ProjectConfigurationPlatforms) = postSolution
		{31393A0B-EB8C-4226-B4AF-16AC4C7F9E6B}.Debug|Any CPU.ActiveCfg = Debug|Any CPU
		{31393A0B-EB8C-4226-B4AF-16AC4C7F9E6B}.Debug|Any CPU.Build.0 = Debug|Any CPU
		{31393A0B-EB8C-4226-B4AF-16AC4C7F9E6B}.Release|Any CPU.ActiveCfg = Release|Any CPU
		{31393A0B-EB8C-4226-B4AF-16AC4C7F9E6B}.Release|Any CPU.Build.0 = Release|Any CPU
	EndGlobalSection
	GlobalSection(SolutionProperties) = preSolution
		HideSolutionNode = FALSE
	EndGlobalSection
	GlobalSection(ExtensibilityGlobals) = postSolution
		SolutionGuid = {C736147E-F58C-470F-A887-B2001B3C144D}
	EndGlobalSection
EndGlobal
